
Microsoft Visual Studio Solution File, Format Version 12.00
# Visual Studio 15
VisualStudioVersion = 15.0.27703.2026
MinimumVisualStudioVersion = 10.0.40219.1
Project("{9A19103F-16F7-4668-BE54-9A1E7A4F7556}") = "Neptuno.Data", "Neptuno.Data\Neptuno.Data.csproj", "{6D749E7B-FDD1-4E18-B744-4A3E9EC8E95D}"
EndProject
Project("{FAE04EC0-301F-11D3-BF4B-00C04F79EFBC}") = "Neptuno.Test", "Neptuno.Test\Neptuno.Test.csproj", "{56AB45B1-2DF8-4EA4-96ED-64BEA4665728}"
EndProject
Project("{9A19103F-16F7-4668-BE54-9A1E7A4F7556}") = "Neptuno.ServiceLayer", "Neptuno.ServiceLayer\Neptuno.ServiceLayer.csproj", "{B0BE9E37-0CE6-4743-B2EC-EC3015EB1BE1}"
EndProject
Project("{FAE04EC0-301F-11D3-BF4B-00C04F79EFBC}") = "Neptuno.Consola", "Neptuno.Consola\Neptuno.Consola.csproj", "{EC48C0A1-13CC-4F6A-A62A-B70DBE3E454E}"
EndProject
Project("{2150E333-8FDC-42A3-9474-1A3956D46DE8}") = "0 - Crosscutting", "0 - Crosscutting", "{E241EDDA-C548-4D4E-BD1F-F2B37A7743AF}"
EndProject
Project("{2150E333-8FDC-42A3-9474-1A3956D46DE8}") = "1 - Infraestructure", "1 - Infraestructure", "{17C428B4-1E39-4005-8924-3C619596C483}"
EndProject
Project("{2150E333-8FDC-42A3-9474-1A3956D46DE8}") = "2 - Domain", "2 - Domain", "{C727D13E-1732-4306-9D26-D0B77F4CF6D6}"
EndProject
Project("{2150E333-8FDC-42A3-9474-1A3956D46DE8}") = "3 - Application", "3 - Application", "{1740B951-5817-4E2F-ACDE-AEDA6F2DEBBF}"
EndProject
Project("{2150E333-8FDC-42A3-9474-1A3956D46DE8}") = "5 - UI", "5 - UI", "{F332D25E-B51C-4118-A86A-42490BECD932}"
EndProject
Project("{2150E333-8FDC-42A3-9474-1A3956D46DE8}") = "6 - Tests", "6 - Tests", "{969B53F3-6EA6-4F3C-8855-165A9570E9C6}"
EndProject
Project("{9A19103F-16F7-4668-BE54-9A1E7A4F7556}") = "Neptuno.Domain", "Neptuno.Domain\Neptuno.Domain.csproj", "{901F5F98-C594-4F53-A4BC-BA3C99F1CBEB}"
EndProject
Project("{FAE04EC0-301F-11D3-BF4B-00C04F79EFBC}") = "Neptuno.API", "Neptuno.API\Neptuno.API.csproj", "{BAD9F7D5-DE04-4CA1-AEAA-20355412A531}"
EndProject
Global
	GlobalSection(SolutionConfigurationPlatforms) = preSolution
		Debug|Any CPU = Debug|Any CPU
		Release|Any CPU = Release|Any CPU
	EndGlobalSection
	GlobalSection(ProjectConfigurationPlatforms) = postSolution
		{6D749E7B-FDD1-4E18-B744-4A3E9EC8E95D}.Debug|Any CPU.ActiveCfg = Debug|Any CPU
		{6D749E7B-FDD1-4E18-B744-4A3E9EC8E95D}.Debug|Any CPU.Build.0 = Debug|Any CPU
		{6D749E7B-FDD1-4E18-B744-4A3E9EC8E95D}.Release|Any CPU.ActiveCfg = Release|Any CPU
		{6D749E7B-FDD1-4E18-B744-4A3E9EC8E95D}.Release|Any CPU.Build.0 = Release|Any CPU
		{56AB45B1-2DF8-4EA4-96ED-64BEA4665728}.Debug|Any CPU.ActiveCfg = Debug|Any CPU
		{56AB45B1-2DF8-4EA4-96ED-64BEA4665728}.Debug|Any CPU.Build.0 = Debug|Any CPU
		{56AB45B1-2DF8-4EA4-96ED-64BEA4665728}.Release|Any CPU.ActiveCfg = Release|Any CPU
		{56AB45B1-2DF8-4EA4-96ED-64BEA4665728}.Release|Any CPU.Build.0 = Release|Any CPU
		{B0BE9E37-0CE6-4743-B2EC-EC3015EB1BE1}.Debug|Any CPU.ActiveCfg = Debug|Any CPU
		{B0BE9E37-0CE6-4743-B2EC-EC3015EB1BE1}.Debug|Any CPU.Build.0 = Debug|Any CPU
		{B0BE9E37-0CE6-4743-B2EC-EC3015EB1BE1}.Release|Any CPU.ActiveCfg = Release|Any CPU
		{B0BE9E37-0CE6-4743-B2EC-EC3015EB1BE1}.Release|Any CPU.Build.0 = Release|Any CPU
		{EC48C0A1-13CC-4F6A-A62A-B70DBE3E454E}.Debug|Any CPU.ActiveCfg = Debug|Any CPU
		{EC48C0A1-13CC-4F6A-A62A-B70DBE3E454E}.Debug|Any CPU.Build.0 = Debug|Any CPU
		{EC48C0A1-13CC-4F6A-A62A-B70DBE3E454E}.Release|Any CPU.ActiveCfg = Release|Any CPU
		{EC48C0A1-13CC-4F6A-A62A-B70DBE3E454E}.Release|Any CPU.Build.0 = Release|Any CPU
		{901F5F98-C594-4F53-A4BC-BA3C99F1CBEB}.Debug|Any CPU.ActiveCfg = Debug|Any CPU
		{901F5F98-C594-4F53-A4BC-BA3C99F1CBEB}.Debug|Any CPU.Build.0 = Debug|Any CPU
		{901F5F98-C594-4F53-A4BC-BA3C99F1CBEB}.Release|Any CPU.ActiveCfg = Release|Any CPU
		{901F5F98-C594-4F53-A4BC-BA3C99F1CBEB}.Release|Any CPU.Build.0 = Release|Any CPU
		{BAD9F7D5-DE04-4CA1-AEAA-20355412A531}.Debug|Any CPU.ActiveCfg = Debug|Any CPU
		{BAD9F7D5-DE04-4CA1-AEAA-20355412A531}.Debug|Any CPU.Build.0 = Debug|Any CPU
		{BAD9F7D5-DE04-4CA1-AEAA-20355412A531}.Release|Any CPU.ActiveCfg = Release|Any CPU
		{BAD9F7D5-DE04-4CA1-AEAA-20355412A531}.Release|Any CPU.Build.0 = Release|Any CPU
	EndGlobalSection
	GlobalSection(SolutionProperties) = preSolution
		HideSolutionNode = FALSE
	EndGlobalSection
	GlobalSection(NestedProjects) = preSolution
		{6D749E7B-FDD1-4E18-B744-4A3E9EC8E95D} = {17C428B4-1E39-4005-8924-3C619596C483}
		{56AB45B1-2DF8-4EA4-96ED-64BEA4665728} = {969B53F3-6EA6-4F3C-8855-165A9570E9C6}
		{B0BE9E37-0CE6-4743-B2EC-EC3015EB1BE1} = {1740B951-5817-4E2F-ACDE-AEDA6F2DEBBF}
		{EC48C0A1-13CC-4F6A-A62A-B70DBE3E454E} = {F332D25E-B51C-4118-A86A-42490BECD932}
		{901F5F98-C594-4F53-A4BC-BA3C99F1CBEB} = {C727D13E-1732-4306-9D26-D0B77F4CF6D6}
		{BAD9F7D5-DE04-4CA1-AEAA-20355412A531} = {F332D25E-B51C-4118-A86A-42490BECD932}
	EndGlobalSection
	GlobalSection(ExtensibilityGlobals) = postSolution
		SolutionGuid = {63C54A20-8FCC-4BA6-99D7-6940A6D81502}
	EndGlobalSection
EndGlobal
